
Microsoft Visual Studio Solution File, Format Version 12.00
# Visual Studio Version 17
VisualStudioVersion = 17.14.36408.4 d17.14
MinimumVisualStudioVersion = 10.0.40219.1
Project("{888888A0-9F3D-457C-B088-3A5042F75D52}") = "Wycena_Python", "Wycena_Python.pyproj", "{0C2DA56C-1703-409A-9209-39C2449AB1DD}"
EndProject
Global
	GlobalSection(SolutionConfigurationPlatforms) = preSolution
		Debug|Any CPU = Debug|Any CPU
		Release|Any CPU = Release|Any CPU
	EndGlobalSection
	GlobalSection(ProjectConfigurationPlatforms) = postSolution
		{0C2DA56C-1703-409A-9209-39C2449AB1DD}.Debug|Any CPU.ActiveCfg = Debug|Any CPU
		{0C2DA56C-1703-409A-9209-39C2449AB1DD}.Release|Any CPU.ActiveCfg = Release|Any CPU
	EndGlobalSection
	GlobalSection(SolutionProperties) = preSolution
		HideSolutionNode = FALSE
	EndGlobalSection
	GlobalSection(ExtensibilityGlobals) = postSolution
		SolutionGuid = {038B86B9-C52D-4555-8C7C-74CB5ACD34BC}
	EndGlobalSection
EndGlobal
